// !$*UTF8*$!
{
	archiveVersion = 1;
	classes = {
	};
	objectVersion = 48;
	objects = {

/* Begin PBXBuildFile section */
		BDEB3A381F50D6D6009F610D /* AppDelegate.swift in Sources */ = {isa = PBXBuildFile; fileRef = BDEB3A371F50D6D6009F610D /* AppDelegate.swift */; };
		BDEB3A3A1F50D6D6009F610D /* ViewController.swift in Sources */ = {isa = PBXBuildFile; fileRef = BDEB3A391F50D6D6009F610D /* ViewController.swift */; };
		BDEB3A3D1F50D6D6009F610D /* Main.storyboard in Resources */ = {isa = PBXBuildFile; fileRef = BDEB3A3B1F50D6D6009F610D /* Main.storyboard */; };
		BDEB3A3F1F50D6D6009F610D /* Assets.xcassets in Resources */ = {isa = PBXBuildFile; fileRef = BDEB3A3E1F50D6D6009F610D /* Assets.xcassets */; };
		BDEB3A421F50D6D6009F610D /* LaunchScreen.storyboard in Resources */ = {isa = PBXBuildFile; fileRef = BDEB3A401F50D6D6009F610D /* LaunchScreen.storyboard */; };
/* End PBXBuildFile section */

/* Begin PBXFileReference section */
		BDEB3A341F50D6D6009F610D /* KennyYakala.app */ = {isa = PBXFileReference; explicitFileType = wrapper.application; includeInIndex = 0; path = KennyYakala.app; sourceTree = BUILT_PRODUCTS_DIR; };
		BDEB3A371F50D6D6009F610D /* AppDelegate.swift */ = {isa = PBXFileReference; lastKnownFileType = sourcecode.swift; path = AppDelegate.swift; sourceTree = "<group>"; };
		BDEB3A391F50D6D6009F610D /* ViewController.swift */ = {isa = PBXFileReference; lastKnownFileType = sourcecode.swift; path = ViewController.swift; sourceTree = "<group>"; };
		BDEB3A3C1F50D6D6009F610D /* Base */ = {isa = PBXFileReference; lastKnownFileType = file.storyboard; name = Base; path = Base.lproj/Main.storyboard; sourceTree = "<group>"; };
		BDEB3A3E1F50D6D6009F610D /* Assets.xcassets */ = {isa = PBXFileReference; lastKnownFileType = folder.assetcatalog; path = Assets.xcassets; sourceTree = "<group>"; };
		BDEB3A411F50D6D6009F610D /* Base */ = {isa = PBXFileReference; lastKnownFileType = file.storyboard; name = Base; path = Base.lproj/LaunchScreen.storyboard; sourceTree = "<group>"; };
		BDEB3A431F50D6D6009F610D /* Info.plist */ = {isa = PBXFileReference; lastKnownFileType = text.plist.xml; path = Info.plist; sourceTree = "<group>"; };
/* End PBXFileReference section */

/* Begin PBXFrameworksBuildPhase section */
		BDEB3A311F50D6D6009F610D /* Frameworks */ = {
			isa = PBXFrameworksBuildPhase;
			buildActionMask = 2147483647;
			files = (
			);
			runOnlyForDeploymentPostprocessing = 0;
		};
/* End PBXFrameworksBuildPhase section */

/* Begin PBXGroup section */
		BDEB3A2B1F50D6D6009F610D = {
			isa = PBXGroup;
			children = (
				BDEB3A361F50D6D6009F610D /* KennyYakala */,
				BDEB3A351F50D6D6009F610D /* Products */,
			);
			sourceTree = "<group>";
		};
		BDEB3A351F50D6D6009F610D /* Products */ = {
			isa = PBXGroup;
			children = (
				BDEB3A341F50D6D6009F610D /* KennyYakala.app */,
			);
			name = Products;
			sourceTree = "<group>";
		};
		BDEB3A361F50D6D6009F610D /* KennyYakala */ = {
			isa = PBXGroup;
			children = (
				BDEB3A371F50D6D6009F610D /* AppDelegate.swift */,
				BDEB3A391F50D6D6009F610D /* ViewController.swift */,
				BDEB3A3B1F50D6D6009F610D /* Main.storyboard */,
				BDEB3A3E1F50D6D6009F610D /* Assets.xcassets */,
				BDEB3A401F50D6D6009F610D /* LaunchScreen.storyboard */,
				BDEB3A431F50D6D6009F610D /* Info.plist */,
			);
			path = KennyYakala;
			sourceTree = "<group>";
		};
/* End PBXGroup section */

/* Begin PBXNativeTarget section */
		BDEB3A331F50D6D6009F610D /* KennyYakala */ = {
			isa = PBXNativeTarget;
			buildConfigurationList = BDEB3A461F50D6D6009F610D /* Build configuration list for PBXNativeTarget "KennyYakala" */;
			buildPhases = (
				BDEB3A301F50D6D6009F610D /* Sources */,
				BDEB3A311F50D6D6009F610D /* Frameworks */,
				BDEB3A321F50D6D6009F610D /* Resources */,
			);
			buildRules = (
			);
			dependencies = (
			);
			name = KennyYakala;
			productName = KennyYakala;
			productReference = BDEB3A341F50D6D6009F610D /* KennyYakala.app */;
			productType = "com.apple.product-type.application";
		};
/* End PBXNativeTarget section */

/* Begin PBXProject section */
		BDEB3A2C1F50D6D6009F610D /* Project object */ = {
			isa = PBXProject;
			attributes = {
				LastSwiftUpdateCheck = 0900;
				LastUpgradeCheck = 0900;
				ORGANIZATIONNAME = "Kemal Aydın";
				TargetAttributes = {
					BDEB3A331F50D6D6009F610D = {
						CreatedOnToolsVersion = 9.0;
					};
				};
			};
			buildConfigurationList = BDEB3A2F1F50D6D6009F610D /* Build configuration list for PBXProject "KennyYakala" */;
			compatibilityVersion = "Xcode 8.0";
			developmentRegion = en;
			hasScannedForEncodings = 0;
			knownRegions = (
				en,
				Base,
			);
			mainGroup = BDEB3A2B1F50D6D6009F610D;
			productRefGroup = BDEB3A351F50D6D6009F610D /* Products */;
			projectDirPath = "";
			projectRoot = "";
			targets = (
				BDEB3A331F50D6D6009F610D /* KennyYakala */,
			);
		};
/* End PBXProject section */

/* Begin PBXResourcesBuildPhase section */
		BDEB3A321F50D6D6009F610D /* Resources */ = {
			isa = PBXResourcesBuildPhase;
			buildActionMask = 2147483647;
			files = (
				BDEB3A421F50D6D6009F610D /* LaunchScreen.storyboard in Resources */,
				BDEB3A3F1F50D6D6009F610D /* Assets.xcassets in Resources */,
				BDEB3A3D1F50D6D6009F610D /* Main.storyboard in Resources */,
			);
			runOnlyForDeploymentPostprocessing = 0;
		};
/* End PBXResourcesBuildPhase section */

/* Begin PBXSourcesBuildPhase section */
		BDEB3A301F50D6D6009F610D /* Sources */ = {
			isa = PBXSourcesBuildPhase;
			buildActionMask = 2147483647;
			files = (
				BDEB3A3A1F50D6D6009F610D /* ViewController.swift in Sources */,
				BDEB3A381F50D6D6009F610D /* AppDelegate.swift in Sources */,
			);
			runOnlyForDeploymentPostprocessing = 0;
		};
/* End PBXSourcesBuildPhase section */

/* Begin PBXVariantGroup section */
		BDEB3A3B1F50D6D6009F610D /* Main.storyboard */ = {
			isa = PBXVariantGroup;
			children = (
				BDEB3A3C1F50D6D6009F610D /* Base */,
			);
			name = Main.storyboard;
			sourceTree = "<group>";
		};
		BDEB3A401F50D6D6009F610D /* LaunchScreen.storyboard */ = {
			isa = PBXVariantGroup;
			children = (
				BDEB3A411F50D6D6009F610D /* Base */,
			);
			name = LaunchScreen.storyboard;
			sourceTree = "<group>";
		};
/* End PBXVariantGroup section */

/* Begin XCBuildConfiguration section */
		BDEB3A441F50D6D6009F610D /* Debug */ = {
			isa = XCBuildConfiguration;
			buildSettings = {
				ALWAYS_SEARCH_USER_PATHS = NO;
				CLANG_ANALYZER_NONNULL = YES;
				CLANG_ANALYZER_NUMBER_OBJECT_CONVERSION = YES_AGGRESSIVE;
				CLANG_CXX_LANGUAGE_STANDARD = "gnu++14";
				CLANG_CXX_LIBRARY = "libc++";
				CLANG_ENABLE_MODULES = YES;
				CLANG_ENABLE_OBJC_ARC = YES;
				CLANG_WARN_BLOCK_CAPTURE_AUTORELEASING = YES;
				CLANG_WARN_BOOL_CONVERSION = YES;
				CLANG_WARN_COMMA = YES;
				CLANG_WARN_CONSTANT_CONVERSION = YES;
				CLANG_WARN_DIRECT_OBJC_ISA_USAGE = YES_ERROR;
				CLANG_WARN_DOCUMENTATION_COMMENTS = YES;
				CLANG_WARN_EMPTY_BODY = YES;
				CLANG_WARN_ENUM_CONVERSION = YES;
				CLANG_WARN_INFINITE_RECURSION = YES;
				CLANG_WARN_INT_CONVERSION = YES;
				CLANG_WARN_NON_LITERAL_NULL_CONVERSION = YES;
				CLANG_WARN_OBJC_LITERAL_CONVERSION = YES;
				CLANG_WARN_OBJC_ROOT_CLASS = YES_ERROR;
				CLANG_WARN_RANGE_LOOP_ANALYSIS = YES;
				CLANG_WARN_STRICT_PROTOTYPES = YES;
				CLANG_WARN_SUSPICIOUS_MOVE = YES;
				CLANG_WARN_UNGUARDED_AVAILABILITY = YES_AGGRESSIVE;
				CLANG_WARN_UNREACHABLE_CODE = YES;
				CLANG_WARN__DUPLICATE_METHOD_MATCH = YES;
				CODE_SIGN_IDENTITY = "iPhone Developer";
				COPY_PHASE_STRIP = NO;
				DEBUG_INFORMATION_FORMAT = dwarf;
				ENABLE_STRICT_OBJC_MSGSEND = YES;
				ENABLE_TESTABILITY = YES;
				GCC_C_LANGUAGE_STANDARD = gnu11;
				GCC_DYNAMIC_NO_PIC = NO;
				GCC_NO_COMMON_BLOCKS = YES;
				GCC_OPTIMIZATION_LEVEL = 0;
				GCC_PREPROCESSOR_DEFINITIONS = (
					"DEBUG=1",
					"$(inherited)",
				);
				GCC_WARN_64_TO_32_BIT_CONVERSION = YES;
				GCC_WARN_ABOUT_RETURN_TYPE = YES_ERROR;
				GCC_WARN_UNDECLARED_SELECTOR = YES;
				GCC_WARN_UNINITIALIZED_AUTOS = YES_AGGRESSIVE;
				GCC_WARN_UNUSED_FUNCTION = YES;
				GCC_WARN_UNUSED_VARIABLE = YES;
				IPHONEOS_DEPLOYMENT_TARGET = 11.0;
				MTL_ENABLE_DEBUG_INFO = YES;
				ONLY_ACTIVE_ARCH = YES;
				SDKROOT = iphoneos;
				SWIFT_ACTIVE_COMPILATION_CONDITIONS = DEBUG;
				SWIFT_OPTIMIZATION_LEVEL = "-Onone";
			};
			name = Debug;
		};
		BDEB3A451F50D6D6009F610D /* Release */ = {
			isa = XCBuildConfiguration;
			buildSettings = {
				ALWAYS_SEARCH_USER_PATHS = NO;
				CLANG_ANALYZER_NONNULL = YES;
				CLANG_ANALYZER_NUMBER_OBJECT_CONVERSION = YES_AGGRESSIVE;
				CLANG_CXX_LANGUAGE_STANDARD = "gnu++14";
				CLANG_CXX_LIBRARY = "libc++";
				CLANG_ENABLE_MODULES = YES;
				CLANG_ENABLE_OBJC_ARC = YES;
				CLANG_WARN_BLOCK_CAPTURE_AUTORELEASING = YES;
				CLANG_WARN_BOOL_CONVERSION = YES;
				CLANG_WARN_COMMA = YES;
				CLANG_WARN_CONSTANT_CONVERSION = YES;
				CLANG_WARN_DIRECT_OBJC_ISA_USAGE = YES_ERROR;
				CLANG_WARN_DOCUMENTATION_COMMENTS = YES;
				CLANG_WARN_EMPTY_BODY = YES;
				CLANG_WARN_ENUM_CONVERSION = YES;
				CLANG_WARN_INFINITE_RECURSION = YES;
				CLANG_WARN_INT_CONVERSION = YES;
				CLANG_WARN_NON_LITERAL_NULL_CONVERSION = YES;
				CLANG_WARN_OBJC_LITERAL_CONVERSION = YES;
				CLANG_WARN_OBJC_ROOT_CLASS = YES_ERROR;
				CLANG_WARN_RANGE_LOOP_ANALYSIS = YES;
				CLANG_WARN_STRICT_PROTOTYPES = YES;
				CLANG_WARN_SUSPICIOUS_MOVE = YES;
				CLANG_WARN_UNGUARDED_AVAILABILITY = YES_AGGRESSIVE;
				CLANG_WARN_UNREACHABLE_CODE = YES;
				CLANG_WARN__DUPLICATE_METHOD_MATCH = YES;
				CODE_SIGN_IDENTITY = "iPhone Developer";
				COPY_PHASE_STRIP = NO;
				DEBUG_INFORMATION_FORMAT = "dwarf-with-dsym";
				ENABLE_NS_ASSERTIONS = NO;
				ENABLE_STRICT_OBJC_MSGSEND = YES;
				GCC_C_LANGUAGE_STANDARD = gnu11;
				GCC_NO_COMMON_BLOCKS = YES;
				GCC_WARN_64_TO_32_BIT_CONVERSION = YES;
				GCC_WARN_ABOUT_RETURN_TYPE = YES_ERROR;
				GCC_WARN_UNDECLARED_SELECTOR = YES;
				GCC_WARN_UNINITIALIZED_AUTOS = YES_AGGRESSIVE;
				GCC_WARN_UNUSED_FUNCTION = YES;
				GCC_WARN_UNUSED_VARIABLE = YES;
				IPHONEOS_DEPLOYMENT_TARGET = 11.0;
				MTL_ENABLE_DEBUG_INFO = NO;
				SDKROOT = iphoneos;
				SWIFT_OPTIMIZATION_LEVEL = "-Owholemodule";
				VALIDATE_PRODUCT = YES;
			};
			name = Release;
		};
		BDEB3A471F50D6D6009F610D /* Debug */ = {
			isa = XCBuildConfiguration;
			buildSettings = {
				ASSETCATALOG_COMPILER_APPICON_NAME = AppIcon;
				DEVELOPMENT_TEAM = KCX8MY2W45;
				INFOPLIST_FILE = KennyYakala/Info.plist;
				LD_RUNPATH_SEARCH_PATHS = "$(inherited) @executable_path/Frameworks";
				PRODUCT_BUNDLE_IDENTIFIER = com.kemalaydin.KennyYakala;
				PRODUCT_NAME = "$(TARGET_NAME)";
				SWIFT_VERSION = 4.0;
				TARGETED_DEVICE_FAMILY = "1,2";
			};
			name = Debug;
		};
		BDEB3A481F50D6D6009F610D /* Release */ = {
			isa = XCBuildConfiguration;
			buildSettings = {
				ASSETCATALOG_COMPILER_APPICON_NAME = AppIcon;
				DEVELOPMENT_TEAM = KCX8MY2W45;
				INFOPLIST_FILE = KennyYakala/Info.plist;
				LD_RUNPATH_SEARCH_PATHS = "$(inherited) @executable_path/Frameworks";
				PRODUCT_BUNDLE_IDENTIFIER = com.kemalaydin.KennyYakala;
				PRODUCT_NAME = "$(TARGET_NAME)";
				SWIFT_VERSION = 4.0;
				TARGETED_DEVICE_FAMILY = "1,2";
			};
			name = Release;
		};
/* End XCBuildConfiguration section */

/* Begin XCConfigurationList section */
		BDEB3A2F1F50D6D6009F610D /* Build configuration list for PBXProject "KennyYakala" */ = {
			isa = XCConfigurationList;
			buildConfigurations = (
				BDEB3A441F50D6D6009F610D /* Debug */,
				BDEB3A451F50D6D6009F610D /* Release */,
			);
			defaultConfigurationIsVisible = 0;
			defaultConfigurationName = Release;
		};
		BDEB3A461F50D6D6009F610D /* Build configuration list for PBXNativeTarget "KennyYakala" */ = {
			isa = XCConfigurationList;
			buildConfigurations = (
				BDEB3A471F50D6D6009F610D /* Debug */,
				BDEB3A481F50D6D6009F610D /* Release */,
			);
			defaultConfigurationIsVisible = 0;
			defaultConfigurationName = Release;
		};
/* End XCConfigurationList section */
	};
	rootObject = BDEB3A2C1F50D6D6009F610D /* Project object */;
}
